
Microsoft Visual Studio Solution File, Format Version 12.00
# Visual Studio Version 16
VisualStudioVersion = 16.0.30621.155
MinimumVisualStudioVersion = 10.0.40219.1
Project("{FAE04EC0-301F-11D3-BF4B-00C04F79EFBC}") = "CMS-1", "CMS-1.csproj", "{F715DE5A-C4A7-4768-B5B4-4BB684A0D42F}"
EndProject
Global
	GlobalSection(SolutionConfigurationPlatforms) = preSolution
		Debug|Any CPU = Debug|Any CPU
		Release|Any CPU = Release|Any CPU
	EndGlobalSection
	GlobalSection(ProjectConfigurationPlatforms) = postSolution
		{F715DE5A-C4A7-4768-B5B4-4BB684A0D42F}.Debug|Any CPU.ActiveCfg = Debug|Any CPU
		{F715DE5A-C4A7-4768-B5B4-4BB684A0D42F}.Debug|Any CPU.Build.0 = Debug|Any CPU
		{F715DE5A-C4A7-4768-B5B4-4BB684A0D42F}.Release|Any CPU.ActiveCfg = Release|Any CPU
		{F715DE5A-C4A7-4768-B5B4-4BB684A0D42F}.Release|Any CPU.Build.0 = Release|Any CPU
	EndGlobalSection
	GlobalSection(SolutionProperties) = preSolution
		HideSolutionNode = FALSE
	EndGlobalSection
	GlobalSection(ExtensibilityGlobals) = postSolution
		SolutionGuid = {5892844F-8649-4CEF-9270-4536ED650259}
	EndGlobalSection
EndGlobal
